{
  "originHash" : "b78c1d822e7612b545c7be5eace27b7eb6b49fe2a5be332e602b033211b4aff8",
  "pins" : [
    {
      "identity" : "highlightkit",
      "kind" : "remoteSourceControl",
      "location" : "https://github.com/PhraseHQ/HighlightKit.git",
      "state" : {
        "revision" : "524c185b0553756498c1b6a1765e8d119c4623a6",
        "version" : "0.2.0"
      }
    },
    {
      "identity" : "swift-argument-parser",
      "kind" : "remoteSourceControl",
      "location" : "https://github.com/apple/swift-argument-parser.git",
      "state" : {
        "revision" : "6b2aa2748a7881eebb9f84fb10c01293e15b52ca",
        "version" : "0.5.0"
      }
    }
  ],
  "version" : 3
}
