{
  "originHash" : "8e00c34bcbea1878ed773f94095b74a17c2a42da461cea9e9adb029b66573375",
  "pins" : [
    {
      "identity" : "highlightkit",
      "kind" : "remoteSourceControl",
      "location" : "https://github.com/hbmartin/HighlightKit.git",
      "state" : {
        "revision" : "13b25eacc65a3e11833d98067a83a7ac48b0ed4b",
        "version" : "0.3.0"
      }
    },
    {
      "identity" : "swift-argument-parser",
      "kind" : "remoteSourceControl",
      "location" : "https://github.com/apple/swift-argument-parser.git",
      "state" : {
        "revision" : "6b2aa2748a7881eebb9f84fb10c01293e15b52ca",
        "version" : "0.5.0"
      }
    }
  ],
  "version" : 3
}
